
Microsoft Visual Studio Solution File, Format Version 12.00
# Visual Studio Version 16
VisualStudioVersion = 16.0.31205.134
MinimumVisualStudioVersion = 10.0.40219.1
Project("{FAE04EC0-301F-11D3-BF4B-00C04F79EFBC}") = "XmlOutputApp", "XmlOutputApp\XmlOutputApp.csproj", "{445AC35F-7169-4A25-86CB-0F5CF9DD5809}"
EndProject
Global
	GlobalSection(SolutionConfigurationPlatforms) = preSolution
		Debug|Any CPU = Debug|Any CPU
		Release|Any CPU = Release|Any CPU
	EndGlobalSection
	GlobalSection(ProjectConfigurationPlatforms) = postSolution
		{445AC35F-7169-4A25-86CB-0F5CF9DD5809}.Debug|Any CPU.ActiveCfg = Debug|Any CPU
		{445AC35F-7169-4A25-86CB-0F5CF9DD5809}.Debug|Any CPU.Build.0 = Debug|Any CPU
		{445AC35F-7169-4A25-86CB-0F5CF9DD5809}.Release|Any CPU.ActiveCfg = Release|Any CPU
		{445AC35F-7169-4A25-86CB-0F5CF9DD5809}.Release|Any CPU.Build.0 = Release|Any CPU
	EndGlobalSection
	GlobalSection(SolutionProperties) = preSolution
		HideSolutionNode = FALSE
	EndGlobalSection
	GlobalSection(ExtensibilityGlobals) = postSolution
		SolutionGuid = {CE60CD2F-D5BA-4210-8C90-636C3CA50894}
	EndGlobalSection
EndGlobal
